
Microsoft Visual Studio Solution File, Format Version 12.00
# Visual Studio Version 17
VisualStudioVersion = 17.5.33414.496
MinimumVisualStudioVersion = 10.0.40219.1
Project("{FAE04EC0-301F-11D3-BF4B-00C04F79EFBC}") = "DrumMachineSequencer", "DrumMachineSequencer\DrumMachineSequencer.csproj", "{428E7CA9-87A6-47CD-B126-CDD0BB94F178}"
EndProject
Global
	GlobalSection(SolutionConfigurationPlatforms) = preSolution
		Debug|Any CPU = Debug|Any CPU
		Release|Any CPU = Release|Any CPU
	EndGlobalSection
	GlobalSection(ProjectConfigurationPlatforms) = postSolution
		{428E7CA9-87A6-47CD-B126-CDD0BB94F178}.Debug|Any CPU.ActiveCfg = Debug|Any CPU
		{428E7CA9-87A6-47CD-B126-CDD0BB94F178}.Debug|Any CPU.Build.0 = Debug|Any CPU
		{428E7CA9-87A6-47CD-B126-CDD0BB94F178}.Release|Any CPU.ActiveCfg = Release|Any CPU
		{428E7CA9-87A6-47CD-B126-CDD0BB94F178}.Release|Any CPU.Build.0 = Release|Any CPU
	EndGlobalSection
	GlobalSection(SolutionProperties) = preSolution
		HideSolutionNode = FALSE
	EndGlobalSection
	GlobalSection(ExtensibilityGlobals) = postSolution
		SolutionGuid = {729CC8D6-1AAD-4A51-8AB1-71975358F2E5}
	EndGlobalSection
EndGlobal
